
Microsoft Visual Studio Solution File, Format Version 12.00
# Visual Studio Version 17
VisualStudioVersion = 17.11.35312.102
MinimumVisualStudioVersion = 10.0.40219.1
Project("{9A19103F-16F7-4668-BE54-9A1E7A4F7556}") = "DefaultCSharp", "DefaultCSharp\DefaultCSharp.csproj", "{47B2731B-C8A5-4B86-AD5F-7C90FE27C9CB}"
EndProject
Project("{2150E333-8FDC-42A3-9474-1A3956D46DE8}") = ".solution items", ".solution items", "{DE967B1A-9E29-4BEE-A0CE-029127F2E2DF}"
	ProjectSection(SolutionItems) = preProject
		..\documentation\NEXT_RELEASENOTES.txt = ..\documentation\NEXT_RELEASENOTES.txt
	EndProjectSection
EndProject
Project("{2150E333-8FDC-42A3-9474-1A3956D46DE8}") = ".workflows", ".workflows", "{E8376EC9-2DB7-4760-967F-23B147818E85}"
	ProjectSection(SolutionItems) = preProject
		..\.github\workflows\ContinuousIntegration.yml = ..\.github\workflows\ContinuousIntegration.yml
		..\.github\dependabot.yml = ..\.github\dependabot.yml
		..\Release.bat = ..\Release.bat
		..\.github\workflows\Release.yml = ..\.github\workflows\Release.yml
	EndProjectSection
EndProject
Project("{2150E333-8FDC-42A3-9474-1A3956D46DE8}") = ".github", ".github", "{41EA789B-5501-41AE-BE8C-E79F2ABB0DB8}"
	ProjectSection(SolutionItems) = preProject
		..\.github\FUNDING.yml = ..\.github\FUNDING.yml
		..\LICENSE.md = ..\LICENSE.md
		..\README.md = ..\README.md
	EndProjectSection
EndProject
Project("{2150E333-8FDC-42A3-9474-1A3956D46DE8}") = ".git", ".git", "{8ED2A266-F2EC-4CC0-AE90-CAFF2D88F412}"
	ProjectSection(SolutionItems) = preProject
		..\.gitignore = ..\.gitignore
	EndProjectSection
EndProject
Global
	GlobalSection(SolutionConfigurationPlatforms) = preSolution
		Debug|Any CPU = Debug|Any CPU
		Release|Any CPU = Release|Any CPU
	EndGlobalSection
	GlobalSection(ProjectConfigurationPlatforms) = postSolution
		{47B2731B-C8A5-4B86-AD5F-7C90FE27C9CB}.Debug|Any CPU.ActiveCfg = Debug|Any CPU
		{47B2731B-C8A5-4B86-AD5F-7C90FE27C9CB}.Debug|Any CPU.Build.0 = Debug|Any CPU
		{47B2731B-C8A5-4B86-AD5F-7C90FE27C9CB}.Release|Any CPU.ActiveCfg = Release|Any CPU
		{47B2731B-C8A5-4B86-AD5F-7C90FE27C9CB}.Release|Any CPU.Build.0 = Release|Any CPU
	EndGlobalSection
	GlobalSection(SolutionProperties) = preSolution
		HideSolutionNode = FALSE
	EndGlobalSection
	GlobalSection(NestedProjects) = preSolution
		{E8376EC9-2DB7-4760-967F-23B147818E85} = {DE967B1A-9E29-4BEE-A0CE-029127F2E2DF}
		{41EA789B-5501-41AE-BE8C-E79F2ABB0DB8} = {DE967B1A-9E29-4BEE-A0CE-029127F2E2DF}
		{8ED2A266-F2EC-4CC0-AE90-CAFF2D88F412} = {DE967B1A-9E29-4BEE-A0CE-029127F2E2DF}
	EndGlobalSection
	GlobalSection(ExtensibilityGlobals) = postSolution
		SolutionGuid = {27D808C2-A73C-4319-BCE3-476CC40EEEAF}
	EndGlobalSection
EndGlobal
